# This file is automatically @generated by Poetry and should not be changed by hand.

[[package]]
name = "binary-trie"
version = "0.0.9"
description = "A simple binary trie implementation"
category = "main"
optional = false
python-versions = ">=3.6"
files = [
    {file = "binary-trie-0.0.9.tar.gz", hash = "sha256:e3677451fb3b6c82bbba707252872d5be84ec4bac1c27ef62f73e7f7c3007394"},
    {file = "binary_trie-0.0.9-py3-none-any.whl", hash = "sha256:16e76645a81ef451188f4327cf569045e000e21c3d519aabe8c7a36324f857e0"},
]

[[package]]
name = "grpcio"
version = "1.51.1"
description = "HTTP/2-based RPC framework"
category = "main"
optional = false
python-versions = ">=3.7"
files = [
    {file = "grpcio-1.51.1-cp310-cp310-linux_armv7l.whl", hash = "sha256:cc2bece1737b44d878cc1510ea04469a8073dbbcdd762175168937ae4742dfb3"},
    {file = "grpcio-1.51.1-cp310-cp310-macosx_12_0_x86_64.whl", hash = "sha256:e223a9793522680beae44671b9ed8f6d25bbe5ddf8887e66aebad5e0686049ef"},
    {file = "grpcio-1.51.1-cp310-cp310-manylinux_2_17_aarch64.whl", hash = "sha256:24ac1154c4b2ab4a0c5326a76161547e70664cd2c39ba75f00fc8a2170964ea2"},
    {file = "grpcio-1.51.1-cp310-cp310-manylinux_2_17_i686.manylinux2014_i686.whl", hash = "sha256:e4ef09f8997c4be5f3504cefa6b5c6cc3cf648274ce3cede84d4342a35d76db6"},
    {file = "grpcio-1.51.1-cp310-cp310-manylinux_2_17_x86_64.manylinux2014_x86_64.whl", hash = "sha256:a8a0b77e992c64880e6efbe0086fe54dfc0bbd56f72a92d9e48264dcd2a3db98"},
    {file = "grpcio-1.51.1-cp310-cp310-musllinux_1_1_i686.whl", hash = "sha256:eacad297ea60c72dd280d3353d93fb1dcca952ec11de6bb3c49d12a572ba31dd"},
    {file = "grpcio-1.51.1-cp310-cp310-musllinux_1_1_x86_64.whl", hash = "sha256:16c71740640ba3a882f50b01bf58154681d44b51f09a5728180a8fdc66c67bd5"},
    {file = "grpcio-1.51.1-cp310-cp310-win32.whl", hash = "sha256:29cb97d41a4ead83b7bcad23bdb25bdd170b1e2cba16db6d3acbb090bc2de43c"},
    {file = "grpcio-1.51.1-cp310-cp310-win_amd64.whl", hash = "sha256:9ff42c5620b4e4530609e11afefa4a62ca91fa0abb045a8957e509ef84e54d30"},
    {file = "grpcio-1.51.1-cp311-cp311-linux_armv7l.whl", hash = "sha256:bc59f7ba87972ab236f8669d8ca7400f02a0eadf273ca00e02af64d588046f02"},
    {file = "grpcio-1.51.1-cp311-cp311-macosx_10_10_x86_64.whl", hash = "sha256:3c2b3842dcf870912da31a503454a33a697392f60c5e2697c91d133130c2c85d"},
    {file = "grpcio-1.51.1-cp311-cp311-manylinux_2_17_i686.manylinux2014_i686.whl", hash = "sha256:22b011674090594f1f3245960ced7386f6af35485a38901f8afee8ad01541dbd"},
    {file = "grpcio-1.51.1-cp311-cp311-manylinux_2_17_x86_64.manylinux2014_x86_64.whl", hash = "sha256:49d680356a975d9c66a678eb2dde192d5dc427a7994fb977363634e781614f7c"},
    {file = "grpcio-1.51.1-cp311-cp311-musllinux_1_1_i686.whl", hash = "sha256:094e64236253590d9d4075665c77b329d707b6fca864dd62b144255e199b4f87"},
    {file = "grpcio-1.51.1-cp311-cp311-musllinux_1_1_x86_64.whl", hash = "sha256:257478300735ce3c98d65a930bbda3db172bd4e00968ba743e6a1154ea6edf10"},
    {file = "grpcio-1.51.1-cp311-cp311-win32.whl", hash = "sha256:5a6ebcdef0ef12005d56d38be30f5156d1cb3373b52e96f147f4a24b0ddb3a9d"},
    {file = "grpcio-1.51.1-cp311-cp311-win_amd64.whl", hash = "sha256:3f9b0023c2c92bebd1be72cdfca23004ea748be1813a66d684d49d67d836adde"},
    {file = "grpcio-1.51.1-cp37-cp37m-linux_armv7l.whl", hash = "sha256:cd3baccea2bc5c38aeb14e5b00167bd4e2373a373a5e4d8d850bd193edad150c"},
    {file = "grpcio-1.51.1-cp37-cp37m-macosx_10_10_x86_64.whl", hash = "sha256:17ec9b13cec4a286b9e606b48191e560ca2f3bbdf3986f91e480a95d1582e1a7"},
    {file = "grpcio-1.51.1-cp37-cp37m-manylinux_2_17_aarch64.whl", hash = "sha256:fbdbe9a849854fe484c00823f45b7baab159bdd4a46075302281998cb8719df5"},
    {file = "grpcio-1.51.1-cp37-cp37m-manylinux_2_17_i686.manylinux2014_i686.whl", hash = "sha256:31bb6bc7ff145e2771c9baf612f4b9ebbc9605ccdc5f3ff3d5553de7fc0e0d79"},
    {file = "grpcio-1.51.1-cp37-cp37m-manylinux_2_17_x86_64.manylinux2014_x86_64.whl", hash = "sha256:e473525c28251558337b5c1ad3fa969511e42304524a4e404065e165b084c9e4"},
    {file = "grpcio-1.51.1-cp37-cp37m-musllinux_1_1_i686.whl", hash = "sha256:6f0b89967ee11f2b654c23b27086d88ad7bf08c0b3c2a280362f28c3698b2896"},
    {file = "grpcio-1.51.1-cp37-cp37m-musllinux_1_1_x86_64.whl", hash = "sha256:7942b32a291421460d6a07883033e392167d30724aa84987e6956cd15f1a21b9"},
    {file = "grpcio-1.51.1-cp37-cp37m-win32.whl", hash = "sha256:f96ace1540223f26fbe7c4ebbf8a98e3929a6aa0290c8033d12526847b291c0f"},
    {file = "grpcio-1.51.1-cp37-cp37m-win_amd64.whl", hash = "sha256:f1fec3abaf274cdb85bf3878167cfde5ad4a4d97c68421afda95174de85ba813"},
    {file = "grpcio-1.51.1-cp38-cp38-linux_armv7l.whl", hash = "sha256:0e1a9e1b4a23808f1132aa35f968cd8e659f60af3ffd6fb00bcf9a65e7db279f"},
    {file = "grpcio-1.51.1-cp38-cp38-macosx_10_10_x86_64.whl", hash = "sha256:6df3b63538c362312bc5fa95fb965069c65c3ea91d7ce78ad9c47cab57226f54"},
    {file = "grpcio-1.51.1-cp38-cp38-manylinux_2_17_aarch64.whl", hash = "sha256:172405ca6bdfedd6054c74c62085946e45ad4d9cec9f3c42b4c9a02546c4c7e9"},
    {file = "grpcio-1.51.1-cp38-cp38-manylinux_2_17_i686.manylinux2014_i686.whl", hash = "sha256:506b9b7a4cede87d7219bfb31014d7b471cfc77157da9e820a737ec1ea4b0663"},
    {file = "grpcio-1.51.1-cp38-cp38-manylinux_2_17_x86_64.manylinux2014_x86_64.whl", hash = "sha256:0fb93051331acbb75b49a2a0fd9239c6ba9528f6bdc1dd400ad1cb66cf864292"},
    {file = "grpcio-1.51.1-cp38-cp38-musllinux_1_1_i686.whl", hash = "sha256:5dca372268c6ab6372d37d6b9f9343e7e5b4bc09779f819f9470cd88b2ece3c3"},
    {file = "grpcio-1.51.1-cp38-cp38-musllinux_1_1_x86_64.whl", hash = "sha256:471d39d3370ca923a316d49c8aac66356cea708a11e647e3bdc3d0b5de4f0a40"},
    {file = "grpcio-1.51.1-cp38-cp38-win32.whl", hash = "sha256:75e29a90dc319f0ad4d87ba6d20083615a00d8276b51512e04ad7452b5c23b04"},
    {file = "grpcio-1.51.1-cp38-cp38-win_amd64.whl", hash = "sha256:f1158bccbb919da42544a4d3af5d9296a3358539ffa01018307337365a9a0c64"},
    {file = "grpcio-1.51.1-cp39-cp39-linux_armv7l.whl", hash = "sha256:59dffade859f157bcc55243714d57b286da6ae16469bf1ac0614d281b5f49b67"},
    {file = "grpcio-1.51.1-cp39-cp39-macosx_10_10_x86_64.whl", hash = "sha256:dad6533411d033b77f5369eafe87af8583178efd4039c41d7515d3336c53b4f1"},
    {file = "grpcio-1.51.1-cp39-cp39-manylinux_2_17_aarch64.whl", hash = "sha256:4c4423ea38a7825b8fed8934d6d9aeebdf646c97e3c608c3b0bcf23616f33877"},
    {file = "grpcio-1.51.1-cp39-cp39-manylinux_2_17_i686.manylinux2014_i686.whl", hash = "sha256:0dc5354e38e5adf2498312f7241b14c7ce3484eefa0082db4297189dcbe272e6"},
    {file = "grpcio-1.51.1-cp39-cp39-manylinux_2_17_x86_64.manylinux2014_x86_64.whl", hash = "sha256:97d67983189e2e45550eac194d6234fc38b8c3b5396c153821f2d906ed46e0ce"},
    {file = "grpcio-1.51.1-cp39-cp39-musllinux_1_1_i686.whl", hash = "sha256:538d981818e49b6ed1e9c8d5e5adf29f71c4e334e7d459bf47e9b7abb3c30e09"},
    {file = "grpcio-1.51.1-cp39-cp39-musllinux_1_1_x86_64.whl", hash = "sha256:9235dcd5144a83f9ca6f431bd0eccc46b90e2c22fe27b7f7d77cabb2fb515595"},
    {file = "grpcio-1.51.1-cp39-cp39-win32.whl", hash = "sha256:aacb54f7789ede5cbf1d007637f792d3e87f1c9841f57dd51abf89337d1b8472"},
    {file = "grpcio-1.51.1-cp39-cp39-win_amd64.whl", hash = "sha256:2b170eaf51518275c9b6b22ccb59450537c5a8555326fd96ff7391b5dd75303c"},
    {file = "grpcio-1.51.1.tar.gz", hash = "sha256:e6dfc2b6567b1c261739b43d9c59d201c1b89e017afd9e684d85aa7a186c9f7a"},
]

[package.extras]
protobuf = ["grpcio-tools (>=1.51.1)"]

[[package]]
name = "grpcio-tools"
version = "1.51.1"
description = "Protobuf code generator for gRPC"
category = "main"
optional = false
python-versions = ">=3.7"
files = [
    {file = "grpcio-tools-1.51.1.tar.gz", hash = "sha256:8e62d23d3fed9d4f81738f98dd193dbd2e21aed4a8f0dd715e75b5439e649727"},
    {file = "grpcio_tools-1.51.1-cp310-cp310-linux_armv7l.whl", hash = "sha256:ecf1494cb695afead36995534f787761ee33fb9e116b23030113a37fe6057a83"},
    {file = "grpcio_tools-1.51.1-cp310-cp310-macosx_12_0_x86_64.whl", hash = "sha256:16b8b915625dc6eb2ea7efdfb06f1fae44a9066c9016453a2ca120c034f33090"},
    {file = "grpcio_tools-1.51.1-cp310-cp310-manylinux_2_17_aarch64.whl", hash = "sha256:d5e033c04b416afcddd5231b3ff94a34fb5d26fba2416eb940e69b05f22cfd25"},
    {file = "grpcio_tools-1.51.1-cp310-cp310-manylinux_2_17_i686.manylinux2014_i686.whl", hash = "sha256:0a218f64e667f3332b74080bdc5440aaf0fa6700ae07a0b54ecf085aaef2aa9f"},
    {file = "grpcio_tools-1.51.1-cp310-cp310-manylinux_2_17_x86_64.manylinux2014_x86_64.whl", hash = "sha256:d7b186183515ad6b8584ffe4bd820b72b00f6e7d121fb1c36294edeea9092313"},
    {file = "grpcio_tools-1.51.1-cp310-cp310-musllinux_1_1_i686.whl", hash = "sha256:ccd37165d7a3e93f460096a2eb62b7a9c1ebe5c424eaee42d8e92740d0c8f6bc"},
    {file = "grpcio_tools-1.51.1-cp310-cp310-musllinux_1_1_x86_64.whl", hash = "sha256:531586c5598a99658249f3c5e92826d6d2bb117abd6ffc88527d1e1d9eaef924"},
    {file = "grpcio_tools-1.51.1-cp310-cp310-win32.whl", hash = "sha256:392ad4cd004f7b843cf7d916d9a15b2d6585965bfef235be1c88d8f8649777e5"},
    {file = "grpcio_tools-1.51.1-cp310-cp310-win_amd64.whl", hash = "sha256:14e82c2b3ee7e300611c2c729d411b3b911e4cca5f4ec14787457a2fb72ff9d4"},
    {file = "grpcio_tools-1.51.1-cp311-cp311-linux_armv7l.whl", hash = "sha256:2281180490c475d09b7aa05dabafa5e09de9902176931e7295113f636c2b5360"},
    {file = "grpcio_tools-1.51.1-cp311-cp311-macosx_10_10_x86_64.whl", hash = "sha256:c4649af7f5d9553975ee66b6bfae20a84be779f13e163fa835e782961895e63c"},
    {file = "grpcio_tools-1.51.1-cp311-cp311-manylinux_2_17_i686.manylinux2014_i686.whl", hash = "sha256:f06bb0753b7cecbff154b523cfb8f45dee2c31b0a4c72bed7da44c57f1cba113"},
    {file = "grpcio_tools-1.51.1-cp311-cp311-manylinux_2_17_x86_64.manylinux2014_x86_64.whl", hash = "sha256:3a671466158ed74c07ee070fb940ed783acf59ba6e6e53cb4de8fd63819c6c7f"},
    {file = "grpcio_tools-1.51.1-cp311-cp311-musllinux_1_1_i686.whl", hash = "sha256:048793747339f327ea091d8f022c6756d89713d8080dffde5ce7380cc348ea8e"},
    {file = "grpcio_tools-1.51.1-cp311-cp311-musllinux_1_1_x86_64.whl", hash = "sha256:f6caf36e7752728329a28f93afec7c4ec9015fc1c6e4460bd1eb0f3737e1c55a"},
    {file = "grpcio_tools-1.51.1-cp311-cp311-win32.whl", hash = "sha256:67b304282cad38642587ebae68617e450e1ad4fa1c0c8b19e9e30274dbb32716"},
    {file = "grpcio_tools-1.51.1-cp311-cp311-win_amd64.whl", hash = "sha256:674b340f2f7bb2adbc3f15144bd37ce5ea83239f78b68dbbd0ea3cba00107e2b"},
    {file = "grpcio_tools-1.51.1-cp37-cp37m-linux_armv7l.whl", hash = "sha256:055819992ddd30c642a7fd6f344a03747be3afa95cb910f8a2e5efaabd41cde5"},
    {file = "grpcio_tools-1.51.1-cp37-cp37m-macosx_10_10_x86_64.whl", hash = "sha256:4e3249a2ec435b3b972610c66c8a714c188844500d564c910f57a2771dc61978"},
    {file = "grpcio_tools-1.51.1-cp37-cp37m-manylinux_2_17_aarch64.whl", hash = "sha256:794f26a09b70f4f101df5cf54c6c12dc1b65747ab1dee5bda02c2991389ade56"},
    {file = "grpcio_tools-1.51.1-cp37-cp37m-manylinux_2_17_i686.manylinux2014_i686.whl", hash = "sha256:4957f1ffa16598aa5379505fcbaeb47d65693a46b0817f4ee61db76707092aeb"},
    {file = "grpcio_tools-1.51.1-cp37-cp37m-manylinux_2_17_x86_64.manylinux2014_x86_64.whl", hash = "sha256:9906fb6bf6d9c30c23d85153f12d130f44325afe8f9ebe58aa7a6c82ecade9d8"},
    {file = "grpcio_tools-1.51.1-cp37-cp37m-musllinux_1_1_i686.whl", hash = "sha256:87bc5f3e3698c65907d397003c64d25c3ea84e3d6aa46dac133bd98bf66835ee"},
    {file = "grpcio_tools-1.51.1-cp37-cp37m-musllinux_1_1_x86_64.whl", hash = "sha256:a66b3a5d18a7615f0f828b72e2d2935751459c89cc4725e56bdfb3d2cd93281f"},
    {file = "grpcio_tools-1.51.1-cp37-cp37m-win32.whl", hash = "sha256:566809d9942e78821b279af70f3cf159a328127f9f3d5fee8d83ad8b2d27b2fe"},
    {file = "grpcio_tools-1.51.1-cp37-cp37m-win_amd64.whl", hash = "sha256:aab24a342642329de38139cb26f8492882ca0d8551bb87f6530bcc613945a0d0"},
    {file = "grpcio_tools-1.51.1-cp38-cp38-linux_armv7l.whl", hash = "sha256:6b83d7fc2597c6d392c225177d1fbbcff74900f8cc40b33236987fd1ff841330"},
    {file = "grpcio_tools-1.51.1-cp38-cp38-macosx_10_10_x86_64.whl", hash = "sha256:79c06d2577cb4d977922bbf01234de3b20f73d1784d3cbe3179deee1bdb9a60b"},
    {file = "grpcio_tools-1.51.1-cp38-cp38-manylinux_2_17_aarch64.whl", hash = "sha256:e9abc03d67793b1bf33dc766caa69a3333f9db029869ba6e8fc6cd9c251c0080"},
    {file = "grpcio_tools-1.51.1-cp38-cp38-manylinux_2_17_i686.manylinux2014_i686.whl", hash = "sha256:64d8ad369417759f5fdb8ffb7cbd6374fecc06ab51c9a226dee9bbd7d311c3b5"},
    {file = "grpcio_tools-1.51.1-cp38-cp38-manylinux_2_17_x86_64.manylinux2014_x86_64.whl", hash = "sha256:de51a0a71845b854f6a5967756c893c96bd03e37f39e5dce87b4f409dac36ee2"},
    {file = "grpcio_tools-1.51.1-cp38-cp38-musllinux_1_1_i686.whl", hash = "sha256:9dfe6c12b0e2c07f6a4a91a9912ef4e5bd007672533891a44e6f433ffbf7c3b1"},
    {file = "grpcio_tools-1.51.1-cp38-cp38-musllinux_1_1_x86_64.whl", hash = "sha256:27113b354f7587684eb55125733e6e5be1f489458abfe12344dabd918d8dcc54"},
    {file = "grpcio_tools-1.51.1-cp38-cp38-win32.whl", hash = "sha256:98777b5031f1b3c58b688815ffa83435c103b2152c26eb144f80f4a4bb34addb"},
    {file = "grpcio_tools-1.51.1-cp38-cp38-win_amd64.whl", hash = "sha256:1c44b57a6770b78a1eafe355878ff1ec59a2fa07455a2cbd522c071eedae04d4"},
    {file = "grpcio_tools-1.51.1-cp39-cp39-linux_armv7l.whl", hash = "sha256:49624394805568acd7d767dea5a00d970fca5ad8f395fe0161eeea0de5133eba"},
    {file = "grpcio_tools-1.51.1-cp39-cp39-macosx_10_10_x86_64.whl", hash = "sha256:6d6626a6e4dbe843df96dc8c08dd244d2191a75324f54bfa4ebaa3e76b0b1958"},
    {file = "grpcio_tools-1.51.1-cp39-cp39-manylinux_2_17_aarch64.whl", hash = "sha256:b4fb8ed6d29f2d6cf03ef99ffaad635bbc132a59be77013691392fe557e67144"},
    {file = "grpcio_tools-1.51.1-cp39-cp39-manylinux_2_17_i686.manylinux2014_i686.whl", hash = "sha256:d8cc862a1ad30f94528d66cc6f95fb9e659005e568313e54a23550535b649573"},
    {file = "grpcio_tools-1.51.1-cp39-cp39-manylinux_2_17_x86_64.manylinux2014_x86_64.whl", hash = "sha256:6e72a30be1746ea0749a8486d0ca0120c0b2757fe84fc246a5144b1ef66d7b89"},
    {file = "grpcio_tools-1.51.1-cp39-cp39-musllinux_1_1_i686.whl", hash = "sha256:331a897306adeec3c67470431ea8d8b4972b689d32966f94506d91f4dac20952"},
    {file = "grpcio_tools-1.51.1-cp39-cp39-musllinux_1_1_x86_64.whl", hash = "sha256:f336ad9be661d92fa45940e74e8ff3d78e67ebe9b4f7ea8774b2d680c17aeb6c"},
    {file = "grpcio_tools-1.51.1-cp39-cp39-win32.whl", hash = "sha256:40ef70e8c5d0310dedff9af502b520b4c7e215bce94094527fb959150a0c594a"},
    {file = "grpcio_tools-1.51.1-cp39-cp39-win_amd64.whl", hash = "sha256:15b8acf4eaa0ebe37e2f69108de49efd935b7abe9c7e58ba737490b99906aa76"},
]

[package.dependencies]
grpcio = ">=1.51.1"
protobuf = ">=4.21.6,<5.0dev"
setuptools = "*"

[[package]]
name = "numpy"
version = "1.24.2"
description = "Fundamental package for array computing in Python"
category = "main"
optional = false
python-versions = ">=3.8"
files = [
    {file = "numpy-1.24.2-cp310-cp310-macosx_10_9_x86_64.whl", hash = "sha256:eef70b4fc1e872ebddc38cddacc87c19a3709c0e3e5d20bf3954c147b1dd941d"},
    {file = "numpy-1.24.2-cp310-cp310-macosx_11_0_arm64.whl", hash = "sha256:e8d2859428712785e8a8b7d2b3ef0a1d1565892367b32f915c4a4df44d0e64f5"},
    {file = "numpy-1.24.2-cp310-cp310-manylinux_2_17_aarch64.manylinux2014_aarch64.whl", hash = "sha256:6524630f71631be2dabe0c541e7675db82651eb998496bbe16bc4f77f0772253"},
    {file = "numpy-1.24.2-cp310-cp310-manylinux_2_17_x86_64.manylinux2014_x86_64.whl", hash = "sha256:a51725a815a6188c662fb66fb32077709a9ca38053f0274640293a14fdd22978"},
    {file = "numpy-1.24.2-cp310-cp310-win32.whl", hash = "sha256:2620e8592136e073bd12ee4536149380695fbe9ebeae845b81237f986479ffc9"},
    {file = "numpy-1.24.2-cp310-cp310-win_amd64.whl", hash = "sha256:97cf27e51fa078078c649a51d7ade3c92d9e709ba2bfb97493007103c741f1d0"},
    {file = "numpy-1.24.2-cp311-cp311-macosx_10_9_x86_64.whl", hash = "sha256:7de8fdde0003f4294655aa5d5f0a89c26b9f22c0a58790c38fae1ed392d44a5a"},
    {file = "numpy-1.24.2-cp311-cp311-macosx_11_0_arm64.whl", hash = "sha256:4173bde9fa2a005c2c6e2ea8ac1618e2ed2c1c6ec8a7657237854d42094123a0"},
    {file = "numpy-1.24.2-cp311-cp311-manylinux_2_17_aarch64.manylinux2014_aarch64.whl", hash = "sha256:4cecaed30dc14123020f77b03601559fff3e6cd0c048f8b5289f4eeabb0eb281"},
    {file = "numpy-1.24.2-cp311-cp311-manylinux_2_17_x86_64.manylinux2014_x86_64.whl", hash = "sha256:9a23f8440561a633204a67fb44617ce2a299beecf3295f0d13c495518908e910"},
    {file = "numpy-1.24.2-cp311-cp311-win32.whl", hash = "sha256:e428c4fbfa085f947b536706a2fc349245d7baa8334f0c5723c56a10595f9b95"},
    {file = "numpy-1.24.2-cp311-cp311-win_amd64.whl", hash = "sha256:557d42778a6869c2162deb40ad82612645e21d79e11c1dc62c6e82a2220ffb04"},
    {file = "numpy-1.24.2-cp38-cp38-macosx_10_9_x86_64.whl", hash = "sha256:d0a2db9d20117bf523dde15858398e7c0858aadca7c0f088ac0d6edd360e9ad2"},
    {file = "numpy-1.24.2-cp38-cp38-macosx_11_0_arm64.whl", hash = "sha256:c72a6b2f4af1adfe193f7beb91ddf708ff867a3f977ef2ec53c0ffb8283ab9f5"},
    {file = "numpy-1.24.2-cp38-cp38-manylinux_2_17_aarch64.manylinux2014_aarch64.whl", hash = "sha256:c29e6bd0ec49a44d7690ecb623a8eac5ab8a923bce0bea6293953992edf3a76a"},
    {file = "numpy-1.24.2-cp38-cp38-manylinux_2_17_x86_64.manylinux2014_x86_64.whl", hash = "sha256:2eabd64ddb96a1239791da78fa5f4e1693ae2dadc82a76bc76a14cbb2b966e96"},
    {file = "numpy-1.24.2-cp38-cp38-win32.whl", hash = "sha256:e3ab5d32784e843fc0dd3ab6dcafc67ef806e6b6828dc6af2f689be0eb4d781d"},
    {file = "numpy-1.24.2-cp38-cp38-win_amd64.whl", hash = "sha256:76807b4063f0002c8532cfeac47a3068a69561e9c8715efdad3c642eb27c0756"},
    {file = "numpy-1.24.2-cp39-cp39-macosx_10_9_x86_64.whl", hash = "sha256:4199e7cfc307a778f72d293372736223e39ec9ac096ff0a2e64853b866a8e18a"},
    {file = "numpy-1.24.2-cp39-cp39-macosx_11_0_arm64.whl", hash = "sha256:adbdce121896fd3a17a77ab0b0b5eedf05a9834a18699db6829a64e1dfccca7f"},
    {file = "numpy-1.24.2-cp39-cp39-manylinux_2_17_aarch64.manylinux2014_aarch64.whl", hash = "sha256:889b2cc88b837d86eda1b17008ebeb679d82875022200c6e8e4ce6cf549b7acb"},
    {file = "numpy-1.24.2-cp39-cp39-manylinux_2_17_x86_64.manylinux2014_x86_64.whl", hash = "sha256:f64bb98ac59b3ea3bf74b02f13836eb2e24e48e0ab0145bbda646295769bd780"},
    {file = "numpy-1.24.2-cp39-cp39-win32.whl", hash = "sha256:63e45511ee4d9d976637d11e6c9864eae50e12dc9598f531c035265991910468"},
    {file = "numpy-1.24.2-cp39-cp39-win_amd64.whl", hash = "sha256:a77d3e1163a7770164404607b7ba3967fb49b24782a6ef85d9b5f54126cc39e5"},
    {file = "numpy-1.24.2-pp38-pypy38_pp73-macosx_10_9_x86_64.whl", hash = "sha256:92011118955724465fb6853def593cf397b4a1367495e0b59a7e69d40c4eb71d"},
    {file = "numpy-1.24.2-pp38-pypy38_pp73-manylinux_2_17_x86_64.manylinux2014_x86_64.whl", hash = "sha256:f9006288bcf4895917d02583cf3411f98631275bc67cce355a7f39f8c14338fa"},
    {file = "numpy-1.24.2-pp38-pypy38_pp73-win_amd64.whl", hash = "sha256:150947adbdfeceec4e5926d956a06865c1c690f2fd902efede4ca6fe2e657c3f"},
    {file = "numpy-1.24.2.tar.gz", hash = "sha256:003a9f530e880cb2cd177cba1af7220b9aa42def9c4afc2a2fc3ee6be7eb2b22"},
]

[[package]]
name = "protobuf"
version = "4.22.0"
description = ""
category = "main"
optional = false
python-versions = ">=3.7"
files = [
    {file = "protobuf-4.22.0-cp310-abi3-win32.whl", hash = "sha256:b2fea9dc8e3c0f32c38124790ef16cba2ee0628fe2022a52e435e1117bfef9b1"},
    {file = "protobuf-4.22.0-cp310-abi3-win_amd64.whl", hash = "sha256:a33a273d21852f911b8bda47f39f4383fe7c061eb1814db2c76c9875c89c2491"},
    {file = "protobuf-4.22.0-cp37-abi3-macosx_10_9_universal2.whl", hash = "sha256:e894e9ae603e963f0842498c4cd5d39c6a60f0d7e4c103df50ee939564298658"},
    {file = "protobuf-4.22.0-cp37-abi3-manylinux2014_aarch64.whl", hash = "sha256:7c535d126e7dcc714105ab20b418c4fedbd28f8b8afc42b7350b1e317bbbcc71"},
    {file = "protobuf-4.22.0-cp37-abi3-manylinux2014_x86_64.whl", hash = "sha256:86c3d20428b007537ba6792b475c0853bba7f66b1f60e610d913b77d94b486e4"},
    {file = "protobuf-4.22.0-cp37-cp37m-win32.whl", hash = "sha256:1669cb7524221a8e2d9008d0842453dbefdd0fcdd64d67672f657244867635fb"},
    {file = "protobuf-4.22.0-cp37-cp37m-win_amd64.whl", hash = "sha256:ab4d043865dd04e6b09386981fe8f80b39a1e46139fb4a3c206229d6b9f36ff6"},
    {file = "protobuf-4.22.0-cp38-cp38-win32.whl", hash = "sha256:29288813aacaa302afa2381db1d6e0482165737b0afdf2811df5fa99185c457b"},
    {file = "protobuf-4.22.0-cp38-cp38-win_amd64.whl", hash = "sha256:e474b63bab0a2ea32a7b26a4d8eec59e33e709321e5e16fb66e766b61b82a95e"},
    {file = "protobuf-4.22.0-cp39-cp39-win32.whl", hash = "sha256:47d31bdf58222dd296976aa1646c68c6ee80b96d22e0a3c336c9174e253fd35e"},
    {file = "protobuf-4.22.0-cp39-cp39-win_amd64.whl", hash = "sha256:c27f371f0159feb70e6ea52ed7e768b3f3a4c5676c1900a7e51a24740381650e"},
    {file = "protobuf-4.22.0-py3-none-any.whl", hash = "sha256:c3325803095fb4c2a48649c321d2fbde59f8fbfcb9bfc7a86df27d112831c571"},
    {file = "protobuf-4.22.0.tar.gz", hash = "sha256:652d8dfece122a24d98eebfef30e31e455d300efa41999d1182e015984ac5930"},
]

[[package]]
name = "setuptools"
version = "67.3.3"
description = "Easily download, build, install, upgrade, and uninstall Python packages"
category = "main"
optional = false
python-versions = ">=3.7"
files = [
    {file = "setuptools-67.3.3-py3-none-any.whl", hash = "sha256:9d3de8591bd6f6522594406fa46a6418eabd0562dacb267f8556675762801514"},
    {file = "setuptools-67.3.3.tar.gz", hash = "sha256:ed4e75fafe103c79b692f217158ba87edf38d31004b9dbc1913debb48793c828"},
]

[package.extras]
docs = ["furo", "jaraco.packaging (>=9)", "jaraco.tidelift (>=1.4)", "pygments-github-lexers (==0.0.5)", "rst.linker (>=1.9)", "sphinx (>=3.5)", "sphinx-favicon", "sphinx-hoverxref (<2)", "sphinx-inline-tabs", "sphinx-lint", "sphinx-notfound-page (==0.8.3)", "sphinx-reredirects", "sphinxcontrib-towncrier"]
testing = ["build[virtualenv]", "filelock (>=3.4.0)", "flake8 (<5)", "flake8-2020", "ini2toml[lite] (>=0.9)", "jaraco.envs (>=2.2)", "jaraco.path (>=3.2.0)", "pip (>=19.1)", "pip-run (>=8.8)", "pytest (>=6)", "pytest-black (>=0.3.7)", "pytest-checkdocs (>=2.4)", "pytest-cov", "pytest-enabler (>=1.3)", "pytest-flake8", "pytest-mypy (>=0.9.1)", "pytest-perf", "pytest-timeout", "pytest-xdist", "tomli-w (>=1.0.0)", "virtualenv (>=13.0.0)", "wheel"]
testing-integration = ["build[virtualenv]", "filelock (>=3.4.0)", "jaraco.envs (>=2.2)", "jaraco.path (>=3.2.0)", "pytest", "pytest-enabler", "pytest-xdist", "tomli", "virtualenv (>=13.0.0)", "wheel"]

[[package]]
name = "tenseal"
version = "0.3.6"
description = "A Library for Homomorphic Encryption Operations on Tensors"
category = "main"
optional = false
python-versions = "*"
files = [
    {file = "tenseal-0.3.6-cp36-cp36m-macosx_10_15_x86_64.whl", hash = "sha256:9dcbf00d611def462b486aef57bdfe5d4cc3350f0c45ccb0d1e1d76f2512d353"},
    {file = "tenseal-0.3.6-cp36-cp36m-manylinux_2_17_x86_64.manylinux2014_x86_64.whl", hash = "sha256:edf8e2a6cf8e06927b4f945ed5864f478200027c45af8cb40a3963b5e768a56e"},
    {file = "tenseal-0.3.6-cp36-cp36m-win_amd64.whl", hash = "sha256:dea508ee864ea26f3eb428ad1e4ad6f79327019c578d066cd43760fa57be8d74"},
    {file = "tenseal-0.3.6-cp37-cp37m-macosx_10_15_x86_64.whl", hash = "sha256:22d5daf0442e85e1fbff3cc9cfffa059d9b404bd9503c84a4b19903bb6a1deac"},
    {file = "tenseal-0.3.6-cp37-cp37m-manylinux_2_17_x86_64.manylinux2014_x86_64.whl", hash = "sha256:720c89734a6c51e734b9bff9c1d03c4094eb6bb4810e372b0df5430dab38eef7"},
    {file = "tenseal-0.3.6-cp37-cp37m-win_amd64.whl", hash = "sha256:6901cce42644b2cf683148894c1abc551f378319e26a1621f2f1a26d2bc198e8"},
    {file = "tenseal-0.3.6-cp38-cp38-macosx_10_15_x86_64.whl", hash = "sha256:1c9a491e2596742613df39b36291df8a07ed1b1cb8cf26ee1640262be1ee1a8c"},
    {file = "tenseal-0.3.6-cp38-cp38-manylinux_2_17_x86_64.manylinux2014_x86_64.whl", hash = "sha256:d46307c23599154f85eebe84a4c8d411e85264ec9e9ad020d2f9282aa2da0e40"},
    {file = "tenseal-0.3.6-cp38-cp38-win_amd64.whl", hash = "sha256:6d8285076b70ee5d4f09fc294088b418351085da3ffd99d2cbaf88cb3047f7f4"},
    {file = "tenseal-0.3.6-cp39-cp39-macosx_10_15_x86_64.whl", hash = "sha256:00b6e39f73299177d48859897de50f0622fcf5fa29f6a36e082d8007829aeafc"},
    {file = "tenseal-0.3.6-cp39-cp39-manylinux_2_17_x86_64.manylinux2014_x86_64.whl", hash = "sha256:d07f4b1884ba7e4a23d664dff407a48222d4d0bd2da55977ac95dd3316e03a69"},
    {file = "tenseal-0.3.6-cp39-cp39-win_amd64.whl", hash = "sha256:462d0b116391d859b37ca0e31536f43cd8d3364c09900856c0d4cff9a8515981"},
]

[metadata]
lock-version = "2.0"
python-versions = "^3.9"
content-hash = "1c7094df7f924e0b2e776e43261887f9f9187cceaa86d8cc10f2a0fb85b51787"
